
Microsoft Visual Studio Solution File, Format Version 12.00
# Visual Studio Version 17
VisualStudioVersion = 17.7.34024.191
MinimumVisualStudioVersion = 10.0.40219.1
Project("{FAE04EC0-301F-11D3-BF4B-00C04F79EFBC}") = "ApiAgenda", "ApiAgenda\ApiAgenda.csproj", "{0DEA3411-E7D0-4DE7-B6DC-2601C314365C}"
EndProject
Global
	GlobalSection(SolutionConfigurationPlatforms) = preSolution
		Debug|Any CPU = Debug|Any CPU
		Release|Any CPU = Release|Any CPU
	EndGlobalSection
	GlobalSection(ProjectConfigurationPlatforms) = postSolution
		{0DEA3411-E7D0-4DE7-B6DC-2601C314365C}.Debug|Any CPU.ActiveCfg = Debug|Any CPU
		{0DEA3411-E7D0-4DE7-B6DC-2601C314365C}.Debug|Any CPU.Build.0 = Debug|Any CPU
		{0DEA3411-E7D0-4DE7-B6DC-2601C314365C}.Release|Any CPU.ActiveCfg = Release|Any CPU
		{0DEA3411-E7D0-4DE7-B6DC-2601C314365C}.Release|Any CPU.Build.0 = Release|Any CPU
	EndGlobalSection
	GlobalSection(SolutionProperties) = preSolution
		HideSolutionNode = FALSE
	EndGlobalSection
	GlobalSection(ExtensibilityGlobals) = postSolution
		SolutionGuid = {4D94905F-6F0D-4CC3-BA89-49872F16E835}
	EndGlobalSection
EndGlobal
